// !$*UTF8*$!
{
	archiveVersion = 1;
	classes = {
	};
	objectVersion = 48;
	objects = {

/* Begin PBXBuildFile section */
		A9DBC14C1F43CBF1001CD2F5 /* AppDelegate.swift in Sources */ = {isa = PBXBuildFile; fileRef = A9DBC14B1F43CBF1001CD2F5 /* AppDelegate.swift */; };
		A9DBC14E1F43CBF1001CD2F5 /* SignInVC.swift in Sources */ = {isa = PBXBuildFile; fileRef = A9DBC14D1F43CBF1001CD2F5 /* SignInVC.swift */; };
		A9DBC1511F43CBF1001CD2F5 /* Main.storyboard in Resources */ = {isa = PBXBuildFile; fileRef = A9DBC14F1F43CBF1001CD2F5 /* Main.storyboard */; };
		A9DBC1531F43CBF1001CD2F5 /* Assets.xcassets in Resources */ = {isa = PBXBuildFile; fileRef = A9DBC1521F43CBF1001CD2F5 /* Assets.xcassets */; };
		A9DBC1561F43CBF1001CD2F5 /* LaunchScreen.storyboard in Resources */ = {isa = PBXBuildFile; fileRef = A9DBC1541F43CBF1001CD2F5 /* LaunchScreen.storyboard */; };
		C2E49A02E33D446242102574 /* Pods_Salt_Social.framework in Frameworks */ = {isa = PBXBuildFile; fileRef = 0DE3ED868BBFC39AC2828D02 /* Pods_Salt_Social.framework */; };
/* End PBXBuildFile section */

/* Begin PBXFileReference section */
		0DE3ED868BBFC39AC2828D02 /* Pods_Salt_Social.framework */ = {isa = PBXFileReference; explicitFileType = wrapper.framework; includeInIndex = 0; path = Pods_Salt_Social.framework; sourceTree = BUILT_PRODUCTS_DIR; };
		9A99B15647CC6E3005463E4E /* Pods-Salt-Social.release.xcconfig */ = {isa = PBXFileReference; includeInIndex = 1; lastKnownFileType = text.xcconfig; name = "Pods-Salt-Social.release.xcconfig"; path = "Pods/Target Support Files/Pods-Salt-Social/Pods-Salt-Social.release.xcconfig"; sourceTree = "<group>"; };
		9FC07E4B12A43C37A1234792 /* Pods-Salt-Social.debug.xcconfig */ = {isa = PBXFileReference; includeInIndex = 1; lastKnownFileType = text.xcconfig; name = "Pods-Salt-Social.debug.xcconfig"; path = "Pods/Target Support Files/Pods-Salt-Social/Pods-Salt-Social.debug.xcconfig"; sourceTree = "<group>"; };
		A9DBC1481F43CBF1001CD2F5 /* Salt-Social.app */ = {isa = PBXFileReference; explicitFileType = wrapper.application; includeInIndex = 0; path = "Salt-Social.app"; sourceTree = BUILT_PRODUCTS_DIR; };
		A9DBC14B1F43CBF1001CD2F5 /* AppDelegate.swift */ = {isa = PBXFileReference; lastKnownFileType = sourcecode.swift; path = AppDelegate.swift; sourceTree = "<group>"; };
		A9DBC14D1F43CBF1001CD2F5 /* SignInVC.swift */ = {isa = PBXFileReference; lastKnownFileType = sourcecode.swift; path = SignInVC.swift; sourceTree = "<group>"; };
		A9DBC1501F43CBF1001CD2F5 /* Base */ = {isa = PBXFileReference; lastKnownFileType = file.storyboard; name = Base; path = Base.lproj/Main.storyboard; sourceTree = "<group>"; };
		A9DBC1521F43CBF1001CD2F5 /* Assets.xcassets */ = {isa = PBXFileReference; lastKnownFileType = folder.assetcatalog; path = Assets.xcassets; sourceTree = "<group>"; };
		A9DBC1551F43CBF1001CD2F5 /* Base */ = {isa = PBXFileReference; lastKnownFileType = file.storyboard; name = Base; path = Base.lproj/LaunchScreen.storyboard; sourceTree = "<group>"; };
		A9DBC1571F43CBF1001CD2F5 /* Info.plist */ = {isa = PBXFileReference; lastKnownFileType = text.plist.xml; path = Info.plist; sourceTree = "<group>"; };
		A9DBC15D1F43CCB7001CD2F5 /* GoogleService-Info.plist */ = {isa = PBXFileReference; lastKnownFileType = text.plist.xml; path = "GoogleService-Info.plist"; sourceTree = "<group>"; };
/* End PBXFileReference section */

/* Begin PBXFrameworksBuildPhase section */
		A9DBC1451F43CBF1001CD2F5 /* Frameworks */ = {
			isa = PBXFrameworksBuildPhase;
			buildActionMask = 2147483647;
			files = (
				C2E49A02E33D446242102574 /* Pods_Salt_Social.framework in Frameworks */,
			);
			runOnlyForDeploymentPostprocessing = 0;
		};
/* End PBXFrameworksBuildPhase section */

/* Begin PBXGroup section */
		A9DBC13F1F43CBF1001CD2F5 = {
			isa = PBXGroup;
			children = (
				A9DBC14A1F43CBF1001CD2F5 /* Salt-Social */,
				A9DBC1491F43CBF1001CD2F5 /* Products */,
				C7C49F315D37DE6F9F15A789 /* Pods */,
				F61FF2F615E150FF18206AE0 /* Frameworks */,
			);
			sourceTree = "<group>";
		};
		A9DBC1491F43CBF1001CD2F5 /* Products */ = {
			isa = PBXGroup;
			children = (
				A9DBC1481F43CBF1001CD2F5 /* Salt-Social.app */,
			);
			name = Products;
			sourceTree = "<group>";
		};
		A9DBC14A1F43CBF1001CD2F5 /* Salt-Social */ = {
			isa = PBXGroup;
			children = (
				A9DBC1601F43E8C0001CD2F5 /* Model */,
				A9DBC15E1F43E8A5001CD2F5 /* View */,
				A9DBC15F1F43E8B1001CD2F5 /* Controller */,
				A9DBC14B1F43CBF1001CD2F5 /* AppDelegate.swift */,
				A9DBC14F1F43CBF1001CD2F5 /* Main.storyboard */,
				A9DBC1521F43CBF1001CD2F5 /* Assets.xcassets */,
				A9DBC1541F43CBF1001CD2F5 /* LaunchScreen.storyboard */,
				A9DBC1571F43CBF1001CD2F5 /* Info.plist */,
				A9DBC15D1F43CCB7001CD2F5 /* GoogleService-Info.plist */,
			);
			path = "Salt-Social";
			sourceTree = "<group>";
		};
		A9DBC15E1F43E8A5001CD2F5 /* View */ = {
			isa = PBXGroup;
			children = (
			);
			path = View;
			sourceTree = "<group>";
		};
		A9DBC15F1F43E8B1001CD2F5 /* Controller */ = {
			isa = PBXGroup;
			children = (
				A9DBC14D1F43CBF1001CD2F5 /* SignInVC.swift */,
			);
			path = Controller;
			sourceTree = "<group>";
		};
		A9DBC1601F43E8C0001CD2F5 /* Model */ = {
			isa = PBXGroup;
			children = (
			);
			path = Model;
			sourceTree = "<group>";
		};
		C7C49F315D37DE6F9F15A789 /* Pods */ = {
			isa = PBXGroup;
			children = (
				9FC07E4B12A43C37A1234792 /* Pods-Salt-Social.debug.xcconfig */,
				9A99B15647CC6E3005463E4E /* Pods-Salt-Social.release.xcconfig */,
			);
			name = Pods;
			sourceTree = "<group>";
		};
		F61FF2F615E150FF18206AE0 /* Frameworks */ = {
			isa = PBXGroup;
			children = (
				0DE3ED868BBFC39AC2828D02 /* Pods_Salt_Social.framework */,
			);
			name = Frameworks;
			sourceTree = "<group>";
		};
/* End PBXGroup section */

/* Begin PBXNativeTarget section */
		A9DBC1471F43CBF1001CD2F5 /* Salt-Social */ = {
			isa = PBXNativeTarget;
			buildConfigurationList = A9DBC15A1F43CBF1001CD2F5 /* Build configuration list for PBXNativeTarget "Salt-Social" */;
			buildPhases = (
				AD6BA29280BAD54168790682 /* [CP] Check Pods Manifest.lock */,
				A9DBC1441F43CBF1001CD2F5 /* Sources */,
				A9DBC1451F43CBF1001CD2F5 /* Frameworks */,
				A9DBC1461F43CBF1001CD2F5 /* Resources */,
				CF178B3D5511973A18549B0B /* [CP] Embed Pods Frameworks */,
				26463B557C8CA122D11B6811 /* [CP] Copy Pods Resources */,
			);
			buildRules = (
			);
			dependencies = (
			);
			name = "Salt-Social";
			productName = "Salt-Social";
			productReference = A9DBC1481F43CBF1001CD2F5 /* Salt-Social.app */;
			productType = "com.apple.product-type.application";
		};
/* End PBXNativeTarget section */

/* Begin PBXProject section */
		A9DBC1401F43CBF1001CD2F5 /* Project object */ = {
			isa = PBXProject;
			attributes = {
				LastSwiftUpdateCheck = 0900;
				LastUpgradeCheck = 0900;
				ORGANIZATIONNAME = "Nguyen thai Son";
				TargetAttributes = {
					A9DBC1471F43CBF1001CD2F5 = {
						CreatedOnToolsVersion = 9.0;
					};
				};
			};
			buildConfigurationList = A9DBC1431F43CBF1001CD2F5 /* Build configuration list for PBXProject "Salt-Social" */;
			compatibilityVersion = "Xcode 8.0";
			developmentRegion = en;
			hasScannedForEncodings = 0;
			knownRegions = (
				en,
				Base,
			);
			mainGroup = A9DBC13F1F43CBF1001CD2F5;
			productRefGroup = A9DBC1491F43CBF1001CD2F5 /* Products */;
			projectDirPath = "";
			projectRoot = "";
			targets = (
				A9DBC1471F43CBF1001CD2F5 /* Salt-Social */,
			);
		};
/* End PBXProject section */

/* Begin PBXResourcesBuildPhase section */
		A9DBC1461F43CBF1001CD2F5 /* Resources */ = {
			isa = PBXResourcesBuildPhase;
			buildActionMask = 2147483647;
			files = (
				A9DBC1561F43CBF1001CD2F5 /* LaunchScreen.storyboard in Resources */,
				A9DBC1531F43CBF1001CD2F5 /* Assets.xcassets in Resources */,
				A9DBC1511F43CBF1001CD2F5 /* Main.storyboard in Resources */,
			);
			runOnlyForDeploymentPostprocessing = 0;
		};
/* End PBXResourcesBuildPhase section */

/* Begin PBXShellScriptBuildPhase section */
		26463B557C8CA122D11B6811 /* [CP] Copy Pods Resources */ = {
			isa = PBXShellScriptBuildPhase;
			buildActionMask = 2147483647;
			files = (
			);
			inputPaths = (
			);
			name = "[CP] Copy Pods Resources";
			outputPaths = (
			);
			runOnlyForDeploymentPostprocessing = 0;
			shellPath = /bin/sh;
			shellScript = "\"${SRCROOT}/Pods/Target Support Files/Pods-Salt-Social/Pods-Salt-Social-resources.sh\"\n";
			showEnvVarsInLog = 0;
		};
		AD6BA29280BAD54168790682 /* [CP] Check Pods Manifest.lock */ = {
			isa = PBXShellScriptBuildPhase;
			buildActionMask = 2147483647;
			files = (
			);
			inputPaths = (
			);
			name = "[CP] Check Pods Manifest.lock";
			outputPaths = (
			);
			runOnlyForDeploymentPostprocessing = 0;
			shellPath = /bin/sh;
			shellScript = "diff \"${PODS_PODFILE_DIR_PATH}/Podfile.lock\" \"${PODS_ROOT}/Manifest.lock\" > /dev/null\nif [ $? != 0 ] ; then\n    # print error to STDERR\n    echo \"error: The sandbox is not in sync with the Podfile.lock. Run 'pod install' or update your CocoaPods installation.\" >&2\n    exit 1\nfi\n";
			showEnvVarsInLog = 0;
		};
		CF178B3D5511973A18549B0B /* [CP] Embed Pods Frameworks */ = {
			isa = PBXShellScriptBuildPhase;
			buildActionMask = 2147483647;
			files = (
			);
			inputPaths = (
			);
			name = "[CP] Embed Pods Frameworks";
			outputPaths = (
			);
			runOnlyForDeploymentPostprocessing = 0;
			shellPath = /bin/sh;
			shellScript = "\"${SRCROOT}/Pods/Target Support Files/Pods-Salt-Social/Pods-Salt-Social-frameworks.sh\"\n";
			showEnvVarsInLog = 0;
		};
/* End PBXShellScriptBuildPhase section */

/* Begin PBXSourcesBuildPhase section */
		A9DBC1441F43CBF1001CD2F5 /* Sources */ = {
			isa = PBXSourcesBuildPhase;
			buildActionMask = 2147483647;
			files = (
				A9DBC14E1F43CBF1001CD2F5 /* SignInVC.swift in Sources */,
				A9DBC14C1F43CBF1001CD2F5 /* AppDelegate.swift in Sources */,
			);
			runOnlyForDeploymentPostprocessing = 0;
		};
/* End PBXSourcesBuildPhase section */

/* Begin PBXVariantGroup section */
		A9DBC14F1F43CBF1001CD2F5 /* Main.storyboard */ = {
			isa = PBXVariantGroup;
			children = (
				A9DBC1501F43CBF1001CD2F5 /* Base */,
			);
			name = Main.storyboard;
			sourceTree = "<group>";
		};
		A9DBC1541F43CBF1001CD2F5 /* LaunchScreen.storyboard */ = {
			isa = PBXVariantGroup;
			children = (
				A9DBC1551F43CBF1001CD2F5 /* Base */,
			);
			name = LaunchScreen.storyboard;
			sourceTree = "<group>";
		};
/* End PBXVariantGroup section */

/* Begin XCBuildConfiguration section */
		A9DBC1581F43CBF1001CD2F5 /* Debug */ = {
			isa = XCBuildConfiguration;
			buildSettings = {
				ALWAYS_SEARCH_USER_PATHS = NO;
				CLANG_ANALYZER_NONNULL = YES;
				CLANG_ANALYZER_NUMBER_OBJECT_CONVERSION = YES_AGGRESSIVE;
				CLANG_CXX_LANGUAGE_STANDARD = "gnu++14";
				CLANG_CXX_LIBRARY = "libc++";
				CLANG_ENABLE_MODULES = YES;
				CLANG_ENABLE_OBJC_ARC = YES;
				CLANG_WARN_BLOCK_CAPTURE_AUTORELEASING = YES;
				CLANG_WARN_BOOL_CONVERSION = YES;
				CLANG_WARN_COMMA = YES;
				CLANG_WARN_CONSTANT_CONVERSION = YES;
				CLANG_WARN_DIRECT_OBJC_ISA_USAGE = YES_ERROR;
				CLANG_WARN_DOCUMENTATION_COMMENTS = YES;
				CLANG_WARN_EMPTY_BODY = YES;
				CLANG_WARN_ENUM_CONVERSION = YES;
				CLANG_WARN_INFINITE_RECURSION = YES;
				CLANG_WARN_INT_CONVERSION = YES;
				CLANG_WARN_NON_LITERAL_NULL_CONVERSION = YES;
				CLANG_WARN_OBJC_LITERAL_CONVERSION = YES;
				CLANG_WARN_OBJC_ROOT_CLASS = YES_ERROR;
				CLANG_WARN_RANGE_LOOP_ANALYSIS = YES;
				CLANG_WARN_STRICT_PROTOTYPES = YES;
				CLANG_WARN_SUSPICIOUS_MOVE = YES;
				CLANG_WARN_UNGUARDED_AVAILABILITY = YES_AGGRESSIVE;
				CLANG_WARN_UNREACHABLE_CODE = YES;
				CLANG_WARN__DUPLICATE_METHOD_MATCH = YES;
				CODE_SIGN_IDENTITY = "iPhone Developer";
				COPY_PHASE_STRIP = NO;
				DEBUG_INFORMATION_FORMAT = dwarf;
				ENABLE_STRICT_OBJC_MSGSEND = YES;
				ENABLE_TESTABILITY = YES;
				GCC_C_LANGUAGE_STANDARD = gnu11;
				GCC_DYNAMIC_NO_PIC = NO;
				GCC_NO_COMMON_BLOCKS = YES;
				GCC_OPTIMIZATION_LEVEL = 0;
				GCC_PREPROCESSOR_DEFINITIONS = (
					"DEBUG=1",
					"$(inherited)",
				);
				GCC_WARN_64_TO_32_BIT_CONVERSION = YES;
				GCC_WARN_ABOUT_RETURN_TYPE = YES_ERROR;
				GCC_WARN_UNDECLARED_SELECTOR = YES;
				GCC_WARN_UNINITIALIZED_AUTOS = YES_AGGRESSIVE;
				GCC_WARN_UNUSED_FUNCTION = YES;
				GCC_WARN_UNUSED_VARIABLE = YES;
				IPHONEOS_DEPLOYMENT_TARGET = 11.0;
				MTL_ENABLE_DEBUG_INFO = YES;
				ONLY_ACTIVE_ARCH = YES;
				SDKROOT = iphoneos;
				SWIFT_ACTIVE_COMPILATION_CONDITIONS = DEBUG;
				SWIFT_OPTIMIZATION_LEVEL = "-Onone";
			};
			name = Debug;
		};
		A9DBC1591F43CBF1001CD2F5 /* Release */ = {
			isa = XCBuildConfiguration;
			buildSettings = {
				ALWAYS_SEARCH_USER_PATHS = NO;
				CLANG_ANALYZER_NONNULL = YES;
				CLANG_ANALYZER_NUMBER_OBJECT_CONVERSION = YES_AGGRESSIVE;
				CLANG_CXX_LANGUAGE_STANDARD = "gnu++14";
				CLANG_CXX_LIBRARY = "libc++";
				CLANG_ENABLE_MODULES = YES;
				CLANG_ENABLE_OBJC_ARC = YES;
				CLANG_WARN_BLOCK_CAPTURE_AUTORELEASING = YES;
				CLANG_WARN_BOOL_CONVERSION = YES;
				CLANG_WARN_COMMA = YES;
				CLANG_WARN_CONSTANT_CONVERSION = YES;
				CLANG_WARN_DIRECT_OBJC_ISA_USAGE = YES_ERROR;
				CLANG_WARN_DOCUMENTATION_COMMENTS = YES;
				CLANG_WARN_EMPTY_BODY = YES;
				CLANG_WARN_ENUM_CONVERSION = YES;
				CLANG_WARN_INFINITE_RECURSION = YES;
				CLANG_WARN_INT_CONVERSION = YES;
				CLANG_WARN_NON_LITERAL_NULL_CONVERSION = YES;
				CLANG_WARN_OBJC_LITERAL_CONVERSION = YES;
				CLANG_WARN_OBJC_ROOT_CLASS = YES_ERROR;
				CLANG_WARN_RANGE_LOOP_ANALYSIS = YES;
				CLANG_WARN_STRICT_PROTOTYPES = YES;
				CLANG_WARN_SUSPICIOUS_MOVE = YES;
				CLANG_WARN_UNGUARDED_AVAILABILITY = YES_AGGRESSIVE;
				CLANG_WARN_UNREACHABLE_CODE = YES;
				CLANG_WARN__DUPLICATE_METHOD_MATCH = YES;
				CODE_SIGN_IDENTITY = "iPhone Developer";
				COPY_PHASE_STRIP = NO;
				DEBUG_INFORMATION_FORMAT = "dwarf-with-dsym";
				ENABLE_NS_ASSERTIONS = NO;
				ENABLE_STRICT_OBJC_MSGSEND = YES;
				GCC_C_LANGUAGE_STANDARD = gnu11;
				GCC_NO_COMMON_BLOCKS = YES;
				GCC_WARN_64_TO_32_BIT_CONVERSION = YES;
				GCC_WARN_ABOUT_RETURN_TYPE = YES_ERROR;
				GCC_WARN_UNDECLARED_SELECTOR = YES;
				GCC_WARN_UNINITIALIZED_AUTOS = YES_AGGRESSIVE;
				GCC_WARN_UNUSED_FUNCTION = YES;
				GCC_WARN_UNUSED_VARIABLE = YES;
				IPHONEOS_DEPLOYMENT_TARGET = 11.0;
				MTL_ENABLE_DEBUG_INFO = NO;
				SDKROOT = iphoneos;
				SWIFT_OPTIMIZATION_LEVEL = "-Owholemodule";
				VALIDATE_PRODUCT = YES;
			};
			name = Release;
		};
		A9DBC15B1F43CBF1001CD2F5 /* Debug */ = {
			isa = XCBuildConfiguration;
			baseConfigurationReference = 9FC07E4B12A43C37A1234792 /* Pods-Salt-Social.debug.xcconfig */;
			buildSettings = {
				ASSETCATALOG_COMPILER_APPICON_NAME = AppIcon;
				INFOPLIST_FILE = "Salt-Social/Info.plist";
				LD_RUNPATH_SEARCH_PATHS = "$(inherited) @executable_path/Frameworks";
				PRODUCT_BUNDLE_IDENTIFIER = "sontungan.Salt-Social";
				PRODUCT_NAME = "$(TARGET_NAME)";
				SWIFT_VERSION = 4.0;
				TARGETED_DEVICE_FAMILY = "1,2";
			};
			name = Debug;
		};
		A9DBC15C1F43CBF1001CD2F5 /* Release */ = {
			isa = XCBuildConfiguration;
			baseConfigurationReference = 9A99B15647CC6E3005463E4E /* Pods-Salt-Social.release.xcconfig */;
			buildSettings = {
				ASSETCATALOG_COMPILER_APPICON_NAME = AppIcon;
				INFOPLIST_FILE = "Salt-Social/Info.plist";
				LD_RUNPATH_SEARCH_PATHS = "$(inherited) @executable_path/Frameworks";
				PRODUCT_BUNDLE_IDENTIFIER = "sontungan.Salt-Social";
				PRODUCT_NAME = "$(TARGET_NAME)";
				SWIFT_VERSION = 4.0;
				TARGETED_DEVICE_FAMILY = "1,2";
			};
			name = Release;
		};
/* End XCBuildConfiguration section */

/* Begin XCConfigurationList section */
		A9DBC1431F43CBF1001CD2F5 /* Build configuration list for PBXProject "Salt-Social" */ = {
			isa = XCConfigurationList;
			buildConfigurations = (
				A9DBC1581F43CBF1001CD2F5 /* Debug */,
				A9DBC1591F43CBF1001CD2F5 /* Release */,
			);
			defaultConfigurationIsVisible = 0;
			defaultConfigurationName = Release;
		};
		A9DBC15A1F43CBF1001CD2F5 /* Build configuration list for PBXNativeTarget "Salt-Social" */ = {
			isa = XCConfigurationList;
			buildConfigurations = (
				A9DBC15B1F43CBF1001CD2F5 /* Debug */,
				A9DBC15C1F43CBF1001CD2F5 /* Release */,
			);
			defaultConfigurationIsVisible = 0;
			defaultConfigurationName = Release;
		};
/* End XCConfigurationList section */
	};
	rootObject = A9DBC1401F43CBF1001CD2F5 /* Project object */;
}
